{
    "name": "jira-api",
    "version": "1.0.0",
    "lockfileVersion": 2,
    "requires": true,
    "packages": {
        "": {
            "name": "jira-api",
            "version": "1.0.0",
            "license": "ISC",
            "dependencies": {
                "axios": "0.24.0",
                "change-case": "4.1.1",
                "cmd-executor": "1.1.1",
                "dotenv": "8.2.0",
                "fast-memoize": "2.5.2"
            },
            "devDependencies": {
                "prettier": "^1.19.1"
            }
        },
        "node_modules/axios": {
            "version": "0.24.0",
            "resolved": "https://registry.npmjs.org/axios/-/axios-0.24.0.tgz",
            "integrity": "sha512-Q6cWsys88HoPgAaFAVUb0WpPk0O8iTeisR9IMqy9G8AbO4NlpVknrnQS03zzF9PGAWgO3cgletO3VjV/P7VztA==",
            "dependencies": {
                "follow-redirects": "^1.14.4"
            }
        },
        "node_modules/camel-case": {
            "version": "4.1.2",
            "resolved": "https://registry.npmjs.org/camel-case/-/camel-case-4.1.2.tgz",
            "integrity": "sha512-gxGWBrTT1JuMx6R+o5PTXMmUnhnVzLQ9SNutD4YqKtI6ap897t3tKECYla6gCWEkplXnlNybEkZg9GEGxKFCgw==",
            "dependencies": {
                "pascal-case": "^3.1.2",
                "tslib": "^2.0.3"
            }
        },
        "node_modules/capital-case": {
            "version": "1.0.4",
            "resolved": "https://registry.npmjs.org/capital-case/-/capital-case-1.0.4.tgz",
            "integrity": "sha512-ds37W8CytHgwnhGGTi88pcPyR15qoNkOpYwmMMfnWqqWgESapLqvDx6huFjQ5vqWSn2Z06173XNA7LtMOeUh1A==",
            "dependencies": {
                "no-case": "^3.0.4",
                "tslib": "^2.0.3",
                "upper-case-first": "^2.0.2"
            }
        },
        "node_modules/change-case": {
            "version": "4.1.1",
            "resolved": "https://registry.npmjs.org/change-case/-/change-case-4.1.1.tgz",
            "integrity": "sha512-qRlUWn/hXnX1R1LBDF/RelJLiqNjKjUqlmuBVSEIyye8kq49CXqkZWKmi8XeUAdDXWFOcGLUMZ+aHn3Q5lzUXw==",
            "dependencies": {
                "camel-case": "^4.1.1",
                "capital-case": "^1.0.3",
                "constant-case": "^3.0.3",
                "dot-case": "^3.0.3",
                "header-case": "^2.0.3",
                "no-case": "^3.0.3",
                "param-case": "^3.0.3",
                "pascal-case": "^3.1.1",
                "path-case": "^3.0.3",
                "sentence-case": "^3.0.3",
                "snake-case": "^3.0.3",
                "tslib": "^1.10.0"
            }
        },
        "node_modules/change-case/node_modules/tslib": {
            "version": "1.14.1",
            "resolved": "https://registry.npmjs.org/tslib/-/tslib-1.14.1.tgz",
            "integrity": "sha512-Xni35NKzjgMrwevysHTCArtLDpPvye8zV/0E4EyYn43P7/7qvQwPh9BGkHewbMulVntbigmcT7rdX3BNo9wRJg=="
        },
        "node_modules/cmd-executor": {
            "version": "1.1.1",
            "resolved": "https://registry.npmjs.org/cmd-executor/-/cmd-executor-1.1.1.tgz",
            "integrity": "sha1-R6O6issIoR8KPH8qXGZn/uEtu0s=",
            "dependencies": {
                "simple-exec-promise": "^1.0.0"
            },
            "engines": {
                "node": ">= 6.4.0"
            }
        },
        "node_modules/constant-case": {
            "version": "3.0.4",
            "resolved": "https://registry.npmjs.org/constant-case/-/constant-case-3.0.4.tgz",
            "integrity": "sha512-I2hSBi7Vvs7BEuJDr5dDHfzb/Ruj3FyvFyh7KLilAjNQw3Be+xgqUBA2W6scVEcL0hL1dwPRtIqEPVUCKkSsyQ==",
            "dependencies": {
                "no-case": "^3.0.4",
                "tslib": "^2.0.3",
                "upper-case": "^2.0.2"
            }
        },
        "node_modules/dot-case": {
            "version": "3.0.4",
            "resolved": "https://registry.npmjs.org/dot-case/-/dot-case-3.0.4.tgz",
            "integrity": "sha512-Kv5nKlh6yRrdrGvxeJ2e5y2eRUpkUosIW4A2AS38zwSz27zu7ufDwQPi5Jhs3XAlGNetl3bmnGhQsMtkKJnj3w==",
            "dependencies": {
                "no-case": "^3.0.4",
                "tslib": "^2.0.3"
            }
        },
        "node_modules/dotenv": {
            "version": "8.2.0",
            "resolved": "https://registry.npmjs.org/dotenv/-/dotenv-8.2.0.tgz",
            "integrity": "sha512-8sJ78ElpbDJBHNeBzUbUVLsqKdccaa/BXF1uPTw3GrvQTBgrQrtObr2mUrE38vzYd8cEv+m/JBfDLioYcfXoaw==",
            "engines": {
                "node": ">=8"
            }
        },
        "node_modules/fast-memoize": {
            "version": "2.5.2",
            "resolved": "https://registry.npmjs.org/fast-memoize/-/fast-memoize-2.5.2.tgz",
            "integrity": "sha512-Ue0LwpDYErFbmNnZSF0UH6eImUwDmogUO1jyE+JbN2gsQz/jICm1Ve7t9QT0rNSsfJt+Hs4/S3GnsDVjL4HVrw=="
        },
        "node_modules/follow-redirects": {
            "version": "1.14.6",
            "resolved": "https://registry.npmjs.org/follow-redirects/-/follow-redirects-1.14.6.tgz",
            "integrity": "sha512-fhUl5EwSJbbl8AR+uYL2KQDxLkdSjZGR36xy46AO7cOMTrCMON6Sa28FmAnC2tRTDbd/Uuzz3aJBv7EBN7JH8A==",
            "funding": [
                {
                    "type": "individual",
                    "url": "https://github.com/sponsors/RubenVerborgh"
                }
            ],
            "engines": {
                "node": ">=4.0"
            },
            "peerDependenciesMeta": {
                "debug": {
                    "optional": true
                }
            }
        },
        "node_modules/header-case": {
            "version": "2.0.4",
            "resolved": "https://registry.npmjs.org/header-case/-/header-case-2.0.4.tgz",
            "integrity": "sha512-H/vuk5TEEVZwrR0lp2zed9OCo1uAILMlx0JEMgC26rzyJJ3N1v6XkwHHXJQdR2doSjcGPM6OKPYoJgf0plJ11Q==",
            "dependencies": {
                "capital-case": "^1.0.4",
                "tslib": "^2.0.3"
            }
        },
        "node_modules/lower-case": {
            "version": "2.0.2",
            "resolved": "https://registry.npmjs.org/lower-case/-/lower-case-2.0.2.tgz",
            "integrity": "sha512-7fm3l3NAF9WfN6W3JOmf5drwpVqX78JtoGJ3A6W0a6ZnldM41w2fV5D490psKFTpMds8TJse/eHLFFsNHHjHgg==",
            "dependencies": {
                "tslib": "^2.0.3"
            }
        },
        "node_modules/no-case": {
            "version": "3.0.4",
            "resolved": "https://registry.npmjs.org/no-case/-/no-case-3.0.4.tgz",
            "integrity": "sha512-fgAN3jGAh+RoxUGZHTSOLJIqUc2wmoBwGR4tbpNAKmmovFoWq0OdRkb0VkldReO2a2iBT/OEulG9XSUc10r3zg==",
            "dependencies": {
                "lower-case": "^2.0.2",
                "tslib": "^2.0.3"
            }
        },
        "node_modules/param-case": {
            "version": "3.0.4",
            "resolved": "https://registry.npmjs.org/param-case/-/param-case-3.0.4.tgz",
            "integrity": "sha512-RXlj7zCYokReqWpOPH9oYivUzLYZ5vAPIfEmCTNViosC78F8F0H9y7T7gG2M39ymgutxF5gcFEsyZQSph9Bp3A==",
            "dependencies": {
                "dot-case": "^3.0.4",
                "tslib": "^2.0.3"
            }
        },
        "node_modules/pascal-case": {
            "version": "3.1.2",
            "resolved": "https://registry.npmjs.org/pascal-case/-/pascal-case-3.1.2.tgz",
            "integrity": "sha512-uWlGT3YSnK9x3BQJaOdcZwrnV6hPpd8jFH1/ucpiLRPh/2zCVJKS19E4GvYHvaCcACn3foXZ0cLB9Wrx1KGe5g==",
            "dependencies": {
                "no-case": "^3.0.4",
                "tslib": "^2.0.3"
            }
        },
        "node_modules/path-case": {
            "version": "3.0.4",
            "resolved": "https://registry.npmjs.org/path-case/-/path-case-3.0.4.tgz",
            "integrity": "sha512-qO4qCFjXqVTrcbPt/hQfhTQ+VhFsqNKOPtytgNKkKxSoEp3XPUQ8ObFuePylOIok5gjn69ry8XiULxCwot3Wfg==",
            "dependencies": {
                "dot-case": "^3.0.4",
                "tslib": "^2.0.3"
            }
        },
        "node_modules/prettier": {
            "version": "1.19.1",
            "resolved": "https://registry.npmjs.org/prettier/-/prettier-1.19.1.tgz",
            "integrity": "sha512-s7PoyDv/II1ObgQunCbB9PdLmUcBZcnWOcxDh7O0N/UwDEsHyqkW+Qh28jW+mVuCdx7gLB0BotYI1Y6uI9iyew==",
            "dev": true,
            "bin": {
                "prettier": "bin-prettier.js"
            },
            "engines": {
                "node": ">=4"
            }
        },
        "node_modules/sentence-case": {
            "version": "3.0.4",
            "resolved": "https://registry.npmjs.org/sentence-case/-/sentence-case-3.0.4.tgz",
            "integrity": "sha512-8LS0JInaQMCRoQ7YUytAo/xUu5W2XnQxV2HI/6uM6U7CITS1RqPElr30V6uIqyMKM9lJGRVFy5/4CuzcixNYSg==",
            "dependencies": {
                "no-case": "^3.0.4",
                "tslib": "^2.0.3",
                "upper-case-first": "^2.0.2"
            }
        },
        "node_modules/simple-exec-promise": {
            "version": "1.0.1",
            "resolved": "https://registry.npmjs.org/simple-exec-promise/-/simple-exec-promise-1.0.1.tgz",
            "integrity": "sha1-+S+KzAdX25suHntdV+Quy/8fim4=",
            "engines": {
                "node": ">= 0.12.18"
            }
        },
        "node_modules/snake-case": {
            "version": "3.0.4",
            "resolved": "https://registry.npmjs.org/snake-case/-/snake-case-3.0.4.tgz",
            "integrity": "sha512-LAOh4z89bGQvl9pFfNF8V146i7o7/CqFPbqzYgP+yYzDIDeS9HaNFtXABamRW+AQzEVODcvE79ljJ+8a9YSdMg==",
            "dependencies": {
                "dot-case": "^3.0.4",
                "tslib": "^2.0.3"
            }
        },
        "node_modules/tslib": {
            "version": "2.3.1",
            "resolved": "https://registry.npmjs.org/tslib/-/tslib-2.3.1.tgz",
            "integrity": "sha512-77EbyPPpMz+FRFRuAFlWMtmgUWGe9UOG2Z25NqCwiIjRhOf5iKGuzSe5P2w1laq+FkRy4p+PCuVkJSGkzTEKVw=="
        },
        "node_modules/upper-case": {
            "version": "2.0.2",
            "resolved": "https://registry.npmjs.org/upper-case/-/upper-case-2.0.2.tgz",
            "integrity": "sha512-KgdgDGJt2TpuwBUIjgG6lzw2GWFRCW9Qkfkiv0DxqHHLYJHmtmdUIKcZd8rHgFSjopVTlw6ggzCm1b8MFQwikg==",
            "dependencies": {
                "tslib": "^2.0.3"
            }
        },
        "node_modules/upper-case-first": {
            "version": "2.0.2",
            "resolved": "https://registry.npmjs.org/upper-case-first/-/upper-case-first-2.0.2.tgz",
            "integrity": "sha512-514ppYHBaKwfJRK/pNC6c/OxfGa0obSnAl106u97Ed0I625Nin96KAjttZF6ZL3e1XLtphxnqrOi9iWgm+u+bg==",
            "dependencies": {
                "tslib": "^2.0.3"
            }
        }
    },
    "dependencies": {
        "axios": {
            "version": "0.24.0",
            "resolved": "https://registry.npmjs.org/axios/-/axios-0.24.0.tgz",
            "integrity": "sha512-Q6cWsys88HoPgAaFAVUb0WpPk0O8iTeisR9IMqy9G8AbO4NlpVknrnQS03zzF9PGAWgO3cgletO3VjV/P7VztA==",
            "requires": {
                "follow-redirects": "^1.14.4"
            }
        },
        "camel-case": {
            "version": "4.1.2",
            "resolved": "https://registry.npmjs.org/camel-case/-/camel-case-4.1.2.tgz",
            "integrity": "sha512-gxGWBrTT1JuMx6R+o5PTXMmUnhnVzLQ9SNutD4YqKtI6ap897t3tKECYla6gCWEkplXnlNybEkZg9GEGxKFCgw==",
            "requires": {
                "pascal-case": "^3.1.2",
                "tslib": "^2.0.3"
            }
        },
        "capital-case": {
            "version": "1.0.4",
            "resolved": "https://registry.npmjs.org/capital-case/-/capital-case-1.0.4.tgz",
            "integrity": "sha512-ds37W8CytHgwnhGGTi88pcPyR15qoNkOpYwmMMfnWqqWgESapLqvDx6huFjQ5vqWSn2Z06173XNA7LtMOeUh1A==",
            "requires": {
                "no-case": "^3.0.4",
                "tslib": "^2.0.3",
                "upper-case-first": "^2.0.2"
            }
        },
        "change-case": {
            "version": "4.1.1",
            "resolved": "https://registry.npmjs.org/change-case/-/change-case-4.1.1.tgz",
            "integrity": "sha512-qRlUWn/hXnX1R1LBDF/RelJLiqNjKjUqlmuBVSEIyye8kq49CXqkZWKmi8XeUAdDXWFOcGLUMZ+aHn3Q5lzUXw==",
            "requires": {
                "camel-case": "^4.1.1",
                "capital-case": "^1.0.3",
                "constant-case": "^3.0.3",
                "dot-case": "^3.0.3",
                "header-case": "^2.0.3",
                "no-case": "^3.0.3",
                "param-case": "^3.0.3",
                "pascal-case": "^3.1.1",
                "path-case": "^3.0.3",
                "sentence-case": "^3.0.3",
                "snake-case": "^3.0.3",
                "tslib": "^1.10.0"
            },
            "dependencies": {
                "tslib": {
                    "version": "1.14.1",
                    "resolved": "https://registry.npmjs.org/tslib/-/tslib-1.14.1.tgz",
                    "integrity": "sha512-Xni35NKzjgMrwevysHTCArtLDpPvye8zV/0E4EyYn43P7/7qvQwPh9BGkHewbMulVntbigmcT7rdX3BNo9wRJg=="
                }
            }
        },
        "cmd-executor": {
            "version": "1.1.1",
            "resolved": "https://registry.npmjs.org/cmd-executor/-/cmd-executor-1.1.1.tgz",
            "integrity": "sha1-R6O6issIoR8KPH8qXGZn/uEtu0s=",
            "requires": {
                "simple-exec-promise": "^1.0.0"
            }
        },
        "constant-case": {
            "version": "3.0.4",
            "resolved": "https://registry.npmjs.org/constant-case/-/constant-case-3.0.4.tgz",
            "integrity": "sha512-I2hSBi7Vvs7BEuJDr5dDHfzb/Ruj3FyvFyh7KLilAjNQw3Be+xgqUBA2W6scVEcL0hL1dwPRtIqEPVUCKkSsyQ==",
            "requires": {
                "no-case": "^3.0.4",
                "tslib": "^2.0.3",
                "upper-case": "^2.0.2"
            }
        },
        "dot-case": {
            "version": "3.0.4",
            "resolved": "https://registry.npmjs.org/dot-case/-/dot-case-3.0.4.tgz",
            "integrity": "sha512-Kv5nKlh6yRrdrGvxeJ2e5y2eRUpkUosIW4A2AS38zwSz27zu7ufDwQPi5Jhs3XAlGNetl3bmnGhQsMtkKJnj3w==",
            "requires": {
                "no-case": "^3.0.4",
                "tslib": "^2.0.3"
            }
        },
        "dotenv": {
            "version": "8.2.0",
            "resolved": "https://registry.npmjs.org/dotenv/-/dotenv-8.2.0.tgz",
            "integrity": "sha512-8sJ78ElpbDJBHNeBzUbUVLsqKdccaa/BXF1uPTw3GrvQTBgrQrtObr2mUrE38vzYd8cEv+m/JBfDLioYcfXoaw=="
        },
        "fast-memoize": {
            "version": "2.5.2",
            "resolved": "https://registry.npmjs.org/fast-memoize/-/fast-memoize-2.5.2.tgz",
            "integrity": "sha512-Ue0LwpDYErFbmNnZSF0UH6eImUwDmogUO1jyE+JbN2gsQz/jICm1Ve7t9QT0rNSsfJt+Hs4/S3GnsDVjL4HVrw=="
        },
        "follow-redirects": {
            "version": "1.14.6",
            "resolved": "https://registry.npmjs.org/follow-redirects/-/follow-redirects-1.14.6.tgz",
            "integrity": "sha512-fhUl5EwSJbbl8AR+uYL2KQDxLkdSjZGR36xy46AO7cOMTrCMON6Sa28FmAnC2tRTDbd/Uuzz3aJBv7EBN7JH8A=="
        },
        "header-case": {
            "version": "2.0.4",
            "resolved": "https://registry.npmjs.org/header-case/-/header-case-2.0.4.tgz",
            "integrity": "sha512-H/vuk5TEEVZwrR0lp2zed9OCo1uAILMlx0JEMgC26rzyJJ3N1v6XkwHHXJQdR2doSjcGPM6OKPYoJgf0plJ11Q==",
            "requires": {
                "capital-case": "^1.0.4",
                "tslib": "^2.0.3"
            }
        },
        "lower-case": {
            "version": "2.0.2",
            "resolved": "https://registry.npmjs.org/lower-case/-/lower-case-2.0.2.tgz",
            "integrity": "sha512-7fm3l3NAF9WfN6W3JOmf5drwpVqX78JtoGJ3A6W0a6ZnldM41w2fV5D490psKFTpMds8TJse/eHLFFsNHHjHgg==",
            "requires": {
                "tslib": "^2.0.3"
            }
        },
        "no-case": {
            "version": "3.0.4",
            "resolved": "https://registry.npmjs.org/no-case/-/no-case-3.0.4.tgz",
            "integrity": "sha512-fgAN3jGAh+RoxUGZHTSOLJIqUc2wmoBwGR4tbpNAKmmovFoWq0OdRkb0VkldReO2a2iBT/OEulG9XSUc10r3zg==",
            "requires": {
                "lower-case": "^2.0.2",
                "tslib": "^2.0.3"
            }
        },
        "param-case": {
            "version": "3.0.4",
            "resolved": "https://registry.npmjs.org/param-case/-/param-case-3.0.4.tgz",
            "integrity": "sha512-RXlj7zCYokReqWpOPH9oYivUzLYZ5vAPIfEmCTNViosC78F8F0H9y7T7gG2M39ymgutxF5gcFEsyZQSph9Bp3A==",
            "requires": {
                "dot-case": "^3.0.4",
                "tslib": "^2.0.3"
            }
        },
        "pascal-case": {
            "version": "3.1.2",
            "resolved": "https://registry.npmjs.org/pascal-case/-/pascal-case-3.1.2.tgz",
            "integrity": "sha512-uWlGT3YSnK9x3BQJaOdcZwrnV6hPpd8jFH1/ucpiLRPh/2zCVJKS19E4GvYHvaCcACn3foXZ0cLB9Wrx1KGe5g==",
            "requires": {
                "no-case": "^3.0.4",
                "tslib": "^2.0.3"
            }
        },
        "path-case": {
            "version": "3.0.4",
            "resolved": "https://registry.npmjs.org/path-case/-/path-case-3.0.4.tgz",
            "integrity": "sha512-qO4qCFjXqVTrcbPt/hQfhTQ+VhFsqNKOPtytgNKkKxSoEp3XPUQ8ObFuePylOIok5gjn69ry8XiULxCwot3Wfg==",
            "requires": {
                "dot-case": "^3.0.4",
                "tslib": "^2.0.3"
            }
        },
        "prettier": {
            "version": "1.19.1",
            "resolved": "https://registry.npmjs.org/prettier/-/prettier-1.19.1.tgz",
            "integrity": "sha512-s7PoyDv/II1ObgQunCbB9PdLmUcBZcnWOcxDh7O0N/UwDEsHyqkW+Qh28jW+mVuCdx7gLB0BotYI1Y6uI9iyew==",
            "dev": true
        },
        "sentence-case": {
            "version": "3.0.4",
            "resolved": "https://registry.npmjs.org/sentence-case/-/sentence-case-3.0.4.tgz",
            "integrity": "sha512-8LS0JInaQMCRoQ7YUytAo/xUu5W2XnQxV2HI/6uM6U7CITS1RqPElr30V6uIqyMKM9lJGRVFy5/4CuzcixNYSg==",
            "requires": {
                "no-case": "^3.0.4",
                "tslib": "^2.0.3",
                "upper-case-first": "^2.0.2"
            }
        },
        "simple-exec-promise": {
            "version": "1.0.1",
            "resolved": "https://registry.npmjs.org/simple-exec-promise/-/simple-exec-promise-1.0.1.tgz",
            "integrity": "sha1-+S+KzAdX25suHntdV+Quy/8fim4="
        },
        "snake-case": {
            "version": "3.0.4",
            "resolved": "https://registry.npmjs.org/snake-case/-/snake-case-3.0.4.tgz",
            "integrity": "sha512-LAOh4z89bGQvl9pFfNF8V146i7o7/CqFPbqzYgP+yYzDIDeS9HaNFtXABamRW+AQzEVODcvE79ljJ+8a9YSdMg==",
            "requires": {
                "dot-case": "^3.0.4",
                "tslib": "^2.0.3"
            }
        },
        "tslib": {
            "version": "2.3.1",
            "resolved": "https://registry.npmjs.org/tslib/-/tslib-2.3.1.tgz",
            "integrity": "sha512-77EbyPPpMz+FRFRuAFlWMtmgUWGe9UOG2Z25NqCwiIjRhOf5iKGuzSe5P2w1laq+FkRy4p+PCuVkJSGkzTEKVw=="
        },
        "upper-case": {
            "version": "2.0.2",
            "resolved": "https://registry.npmjs.org/upper-case/-/upper-case-2.0.2.tgz",
            "integrity": "sha512-KgdgDGJt2TpuwBUIjgG6lzw2GWFRCW9Qkfkiv0DxqHHLYJHmtmdUIKcZd8rHgFSjopVTlw6ggzCm1b8MFQwikg==",
            "requires": {
                "tslib": "^2.0.3"
            }
        },
        "upper-case-first": {
            "version": "2.0.2",
            "resolved": "https://registry.npmjs.org/upper-case-first/-/upper-case-first-2.0.2.tgz",
            "integrity": "sha512-514ppYHBaKwfJRK/pNC6c/OxfGa0obSnAl106u97Ed0I625Nin96KAjttZF6ZL3e1XLtphxnqrOi9iWgm+u+bg==",
            "requires": {
                "tslib": "^2.0.3"
            }
        }
    }
}
